# THIS IS AN AUTOGENERATED FILE. DO NOT EDIT THIS FILE DIRECTLY.
# yarn lockfile v1


filesize@^5.0.1:
  version "5.0.3"
  resolved "https://registry.yarnpkg.com/filesize/-/filesize-5.0.3.tgz#2fa284185e9d2e8edbec2915b4dadce4043aac31"
  integrity sha512-RM123v6KPqgZJmVCh4rLvCo8tLKr4sgD92DeZ+AuoUE8teGZJHKs1cTORwETcpIJSlGsz2WYdwKDQUXby5hNqQ==
