# THIS IS AN AUTOGENERATED FILE. DO NOT EDIT THIS FILE DIRECTLY.
# yarn lockfile v1


filesize@^5.0.1:
  version "5.0.1"
  resolved "https://registry.yarnpkg.com/filesize/-/filesize-5.0.1.tgz#aa8cba3fe38c8131e4523e4356b5788cb7c9a946"
  integrity sha512-YUuUp6LkHz+13F0wiqrYsChnhN8hre8fz/C4vEHMP08VuqV7SyHBnzVDxkHSDaOlRIuC7iCDiMFfo1ZTRb0rTA==
